Microsoft Visual Studio Solution File, Format Version 11.00
# Visual Studio 2008

Project("{5F6FA3C2-8C0A-711B-A0E2-BBFAF2A98D18}") = "BattleShip", "Assembly-CSharp.csproj", "{5D4F921A-0B4E-6041-6796-4582536DCF4B}"
EndProject
Global
	GlobalSection(SolutionConfigurationPlatforms) = preSolution
		Debug|Any CPU = Debug|Any CPU
		Release|Any CPU = Release|Any CPU
	EndGlobalSection
	GlobalSection(ProjectConfigurationPlatforms) = postSolution
		{5D4F921A-0B4E-6041-6796-4582536DCF4B}.Debug|Any CPU.ActiveCfg = Debug|Any CPU
		{5D4F921A-0B4E-6041-6796-4582536DCF4B}.Debug|Any CPU.Build.0 = Debug|Any CPU
		{5D4F921A-0B4E-6041-6796-4582536DCF4B}.Release|Any CPU.ActiveCfg = Release|Any CPU
		{5D4F921A-0B4E-6041-6796-4582536DCF4B}.Release|Any CPU.Build.0 = Release|Any CPU
	EndGlobalSection
	GlobalSection(SolutionProperties) = preSolution
		HideSolutionNode = FALSE
	EndGlobalSection
																														GlobalSection(MonoDevelopProperties) = preSolution
		StartupItem = Assembly-CSharp.csproj
		Policies = $0
		$0.TextStylePolicy = $1
		$1.inheritsSet = null
		$1.scope = text/x-csharp
		$0.CSharpFormattingPolicy = $2
		$2.inheritsSet = Mono
		$2.inheritsScope = text/x-csharp
		$2.scope = text/x-csharp
		$0.TextStylePolicy = $3
		$3.FileWidth = 120
		$3.TabWidth = 4
		$3.IndentWidth = 4
		$3.EolMarker = Unix
		$3.inheritsSet = Mono
		$3.inheritsScope = text/plain
		$3.scope = text/plain
	EndGlobalSection

EndGlobal
